{
	"hash": "b14e6a77427d10f868e9622e3b2074b0",
	"updated": "2019-05-30T11:49:11.4625948-03:00",
	"installedModules": {
		"github.com/hunsche/datasetconverter4delphi": {
			"name": "DataSetConverter4Delphi",
			"version": "1.0.0",
			"hash": "d2cde03db15e9ec92e83dee63893caab5ed2fa5aa6f94f77a15cdf41ecaec27a",
			"artifacts": {
				"bin": [],
				"dcp": [],
				"dcu": [],
				"bpl": []
			},
			"failed": false
		}
	}
}